
Microsoft Visual Studio Solution File, Format Version 12.00
# Visual Studio Version 17
VisualStudioVersion = 17.7.34202.233
MinimumVisualStudioVersion = 10.0.40219.1
Project("{FAE04EC0-301F-11D3-BF4B-00C04F79EFBC}") = "Milestone3Test", "Milestone3Test\Milestone3Test.csproj", "{805D8132-AFDA-4A4F-9EA1-46DC029DBAF7}"
EndProject
Global
	GlobalSection(SolutionConfigurationPlatforms) = preSolution
		Debug|Any CPU = Debug|Any CPU
		Release|Any CPU = Release|Any CPU
	EndGlobalSection
	GlobalSection(ProjectConfigurationPlatforms) = postSolution
		{805D8132-AFDA-4A4F-9EA1-46DC029DBAF7}.Debug|Any CPU.ActiveCfg = Debug|Any CPU
		{805D8132-AFDA-4A4F-9EA1-46DC029DBAF7}.Debug|Any CPU.Build.0 = Debug|Any CPU
		{805D8132-AFDA-4A4F-9EA1-46DC029DBAF7}.Release|Any CPU.ActiveCfg = Release|Any CPU
		{805D8132-AFDA-4A4F-9EA1-46DC029DBAF7}.Release|Any CPU.Build.0 = Release|Any CPU
	EndGlobalSection
	GlobalSection(SolutionProperties) = preSolution
		HideSolutionNode = FALSE
	EndGlobalSection
	GlobalSection(ExtensibilityGlobals) = postSolution
		SolutionGuid = {B7807DC1-FDE6-48A2-9215-C3183150FA13}
	EndGlobalSection
EndGlobal
